
Microsoft Visual Studio Solution File, Format Version 12.00
# Visual Studio Version 16
VisualStudioVersion = 16.0.29926.136
MinimumVisualStudioVersion = 10.0.40219.1
Project("{FAE04EC0-301F-11D3-BF4B-00C04F79EFBC}") = "Server", "Server\Server.csproj", "{EC4A00A3-7D62-40C0-9B23-7D4C56C945F6}"
EndProject
Project("{FAE04EC0-301F-11D3-BF4B-00C04F79EFBC}") = "Client", "Client\Client.csproj", "{6C544DE3-3AFA-41E4-B448-76934CC1FFF7}"
EndProject
Global
	GlobalSection(SolutionConfigurationPlatforms) = preSolution
		Debug|Any CPU = Debug|Any CPU
		Release|Any CPU = Release|Any CPU
	EndGlobalSection
	GlobalSection(ProjectConfigurationPlatforms) = postSolution
		{EC4A00A3-7D62-40C0-9B23-7D4C56C945F6}.Debug|Any CPU.ActiveCfg = Debug|Any CPU
		{EC4A00A3-7D62-40C0-9B23-7D4C56C945F6}.Debug|Any CPU.Build.0 = Debug|Any CPU
		{EC4A00A3-7D62-40C0-9B23-7D4C56C945F6}.Release|Any CPU.ActiveCfg = Release|Any CPU
		{EC4A00A3-7D62-40C0-9B23-7D4C56C945F6}.Release|Any CPU.Build.0 = Release|Any CPU
		{6C544DE3-3AFA-41E4-B448-76934CC1FFF7}.Debug|Any CPU.ActiveCfg = Debug|Any CPU
		{6C544DE3-3AFA-41E4-B448-76934CC1FFF7}.Debug|Any CPU.Build.0 = Debug|Any CPU
		{6C544DE3-3AFA-41E4-B448-76934CC1FFF7}.Release|Any CPU.ActiveCfg = Release|Any CPU
		{6C544DE3-3AFA-41E4-B448-76934CC1FFF7}.Release|Any CPU.Build.0 = Release|Any CPU
	EndGlobalSection
	GlobalSection(SolutionProperties) = preSolution
		HideSolutionNode = FALSE
	EndGlobalSection
	GlobalSection(ExtensibilityGlobals) = postSolution
		SolutionGuid = {848130A9-1F0F-4041-929B-7D8BCC2ACE19}
	EndGlobalSection
EndGlobal
